
Microsoft Visual Studio Solution File, Format Version 12.00
# Visual Studio Version 16
VisualStudioVersion = 16.0.29920.165
MinimumVisualStudioVersion = 10.0.40219.1
Project("{9A19103F-16F7-4668-BE54-9A1E7A4F7556}") = "SliderPuzzleSolver", "SliderPuzzleSolver\SliderPuzzleSolver.csproj", "{04E0CB6D-4DDD-421C-BFC1-261F0C17D350}"
EndProject
Project("{9A19103F-16F7-4668-BE54-9A1E7A4F7556}") = "BinaryHeap", "BinaryHeap\BinaryHeap.csproj", "{EC13C2D5-89AE-4D61-AA47-23F3338076EC}"
EndProject
Project("{9A19103F-16F7-4668-BE54-9A1E7A4F7556}") = "UserInterface", "UserInterface\UserInterface.csproj", "{AAAAA7F4-41AC-4068-B5B0-320EF1B8EF5B}"
EndProject
Project("{FAE04EC0-301F-11D3-BF4B-00C04F79EFBC}") = "SliderPuzzleGenerator", "SliderPuzzleGenerator\SliderPuzzleGenerator.csproj", "{FEF2E85B-8863-4667-BF4A-7DB466B237E0}"
EndProject
Global
	GlobalSection(SolutionConfigurationPlatforms) = preSolution
		Debug|Any CPU = Debug|Any CPU
		Release|Any CPU = Release|Any CPU
	EndGlobalSection
	GlobalSection(ProjectConfigurationPlatforms) = postSolution
		{04E0CB6D-4DDD-421C-BFC1-261F0C17D350}.Debug|Any CPU.ActiveCfg = Debug|Any CPU
		{04E0CB6D-4DDD-421C-BFC1-261F0C17D350}.Debug|Any CPU.Build.0 = Debug|Any CPU
		{04E0CB6D-4DDD-421C-BFC1-261F0C17D350}.Release|Any CPU.ActiveCfg = Release|Any CPU
		{04E0CB6D-4DDD-421C-BFC1-261F0C17D350}.Release|Any CPU.Build.0 = Release|Any CPU
		{EC13C2D5-89AE-4D61-AA47-23F3338076EC}.Debug|Any CPU.ActiveCfg = Debug|Any CPU
		{EC13C2D5-89AE-4D61-AA47-23F3338076EC}.Debug|Any CPU.Build.0 = Debug|Any CPU
		{EC13C2D5-89AE-4D61-AA47-23F3338076EC}.Release|Any CPU.ActiveCfg = Release|Any CPU
		{EC13C2D5-89AE-4D61-AA47-23F3338076EC}.Release|Any CPU.Build.0 = Release|Any CPU
		{AAAAA7F4-41AC-4068-B5B0-320EF1B8EF5B}.Debug|Any CPU.ActiveCfg = Debug|Any CPU
		{AAAAA7F4-41AC-4068-B5B0-320EF1B8EF5B}.Debug|Any CPU.Build.0 = Debug|Any CPU
		{AAAAA7F4-41AC-4068-B5B0-320EF1B8EF5B}.Release|Any CPU.ActiveCfg = Release|Any CPU
		{AAAAA7F4-41AC-4068-B5B0-320EF1B8EF5B}.Release|Any CPU.Build.0 = Release|Any CPU
		{FEF2E85B-8863-4667-BF4A-7DB466B237E0}.Debug|Any CPU.ActiveCfg = Debug|Any CPU
		{FEF2E85B-8863-4667-BF4A-7DB466B237E0}.Debug|Any CPU.Build.0 = Debug|Any CPU
		{FEF2E85B-8863-4667-BF4A-7DB466B237E0}.Release|Any CPU.ActiveCfg = Release|Any CPU
		{FEF2E85B-8863-4667-BF4A-7DB466B237E0}.Release|Any CPU.Build.0 = Release|Any CPU
	EndGlobalSection
	GlobalSection(SolutionProperties) = preSolution
		HideSolutionNode = FALSE
	EndGlobalSection
	GlobalSection(ExtensibilityGlobals) = postSolution
		SolutionGuid = {3ACFDDCF-E53D-43DE-9BAA-119B8F09D40A}
	EndGlobalSection
EndGlobal
